
Microsoft Visual Studio Solution File, Format Version 12.00
# Visual Studio 15
VisualStudioVersion = 15.0.28307.705
MinimumVisualStudioVersion = 10.0.40219.1
Project("{9A19103F-16F7-4668-BE54-9A1E7A4F7556}") = "Timetablewebpage", "Timetablewebpage\Timetablewebpage.csproj", "{AC662BDA-2FEF-4B54-A6B1-B49A59C9BF53}"
EndProject
Global
	GlobalSection(SolutionConfigurationPlatforms) = preSolution
		Debug|Any CPU = Debug|Any CPU
		Release|Any CPU = Release|Any CPU
	EndGlobalSection
	GlobalSection(ProjectConfigurationPlatforms) = postSolution
		{AC662BDA-2FEF-4B54-A6B1-B49A59C9BF53}.Debug|Any CPU.ActiveCfg = Debug|Any CPU
		{AC662BDA-2FEF-4B54-A6B1-B49A59C9BF53}.Debug|Any CPU.Build.0 = Debug|Any CPU
		{AC662BDA-2FEF-4B54-A6B1-B49A59C9BF53}.Release|Any CPU.ActiveCfg = Release|Any CPU
		{AC662BDA-2FEF-4B54-A6B1-B49A59C9BF53}.Release|Any CPU.Build.0 = Release|Any CPU
	EndGlobalSection
	GlobalSection(SolutionProperties) = preSolution
		HideSolutionNode = FALSE
	EndGlobalSection
	GlobalSection(ExtensibilityGlobals) = postSolution
		SolutionGuid = {599656A5-3E83-4F9C-B912-C66DC98C6600}
	EndGlobalSection
EndGlobal
